
Microsoft Visual Studio Solution File, Format Version 12.00
# Visual Studio Version 16
VisualStudioVersion = 16.0.31229.75
MinimumVisualStudioVersion = 10.0.40219.1
Project("{FAE04EC0-301F-11D3-BF4B-00C04F79EFBC}") = "NextBusinessDay", "NextBusinessDay.csproj", "{4458AA71-E094-4C09-86A3-DB0AA8510568}"
EndProject
Global
	GlobalSection(SolutionConfigurationPlatforms) = preSolution
		Debug|Any CPU = Debug|Any CPU
		Release|Any CPU = Release|Any CPU
	EndGlobalSection
	GlobalSection(ProjectConfigurationPlatforms) = postSolution
		{4458AA71-E094-4C09-86A3-DB0AA8510568}.Debug|Any CPU.ActiveCfg = Debug|Any CPU
		{4458AA71-E094-4C09-86A3-DB0AA8510568}.Debug|Any CPU.Build.0 = Debug|Any CPU
		{4458AA71-E094-4C09-86A3-DB0AA8510568}.Release|Any CPU.ActiveCfg = Release|Any CPU
		{4458AA71-E094-4C09-86A3-DB0AA8510568}.Release|Any CPU.Build.0 = Release|Any CPU
	EndGlobalSection
	GlobalSection(SolutionProperties) = preSolution
		HideSolutionNode = FALSE
	EndGlobalSection
	GlobalSection(ExtensibilityGlobals) = postSolution
		SolutionGuid = {76D1388C-C968-4BEC-9F61-B0761DBD966A}
	EndGlobalSection
EndGlobal
